
Microsoft Visual Studio Solution File, Format Version 12.00
# Visual Studio Version 17
VisualStudioVersion = 17.0.31903.59
MinimumVisualStudioVersion = 10.0.40219.1
Project("{FAE04EC0-301F-11D3-BF4B-00C04F79EFBC}") = "AtelierTest", "AtelierTest.csproj", "{CEF84257-D53E-44C9-9A54-D1C32EFEC47E}"
EndProject
Project("{FAE04EC0-301F-11D3-BF4B-00C04F79EFBC}") = "AtelierTest.Tests", "AtelierTest.Tests\AtelierTest.Tests.csproj", "{6E089ADA-0439-4432-A21E-6A3806F87DEA}"
EndProject
Global
	GlobalSection(SolutionConfigurationPlatforms) = preSolution
		Debug|Any CPU = Debug|Any CPU
		Release|Any CPU = Release|Any CPU
	EndGlobalSection
	GlobalSection(SolutionProperties) = preSolution
		HideSolutionNode = FALSE
	EndGlobalSection
	GlobalSection(ProjectConfigurationPlatforms) = postSolution
		{CEF84257-D53E-44C9-9A54-D1C32EFEC47E}.Debug|Any CPU.ActiveCfg = Debug|Any CPU
		{CEF84257-D53E-44C9-9A54-D1C32EFEC47E}.Debug|Any CPU.Build.0 = Debug|Any CPU
		{CEF84257-D53E-44C9-9A54-D1C32EFEC47E}.Release|Any CPU.ActiveCfg = Release|Any CPU
		{CEF84257-D53E-44C9-9A54-D1C32EFEC47E}.Release|Any CPU.Build.0 = Release|Any CPU
		{6E089ADA-0439-4432-A21E-6A3806F87DEA}.Debug|Any CPU.ActiveCfg = Debug|Any CPU
		{6E089ADA-0439-4432-A21E-6A3806F87DEA}.Debug|Any CPU.Build.0 = Debug|Any CPU
		{6E089ADA-0439-4432-A21E-6A3806F87DEA}.Release|Any CPU.ActiveCfg = Release|Any CPU
		{6E089ADA-0439-4432-A21E-6A3806F87DEA}.Release|Any CPU.Build.0 = Release|Any CPU
	EndGlobalSection
EndGlobal
